
Microsoft Visual Studio Solution File, Format Version 12.00
# Visual Studio Version 17
VisualStudioVersion = 17.13.35617.110
MinimumVisualStudioVersion = 10.0.40219.1
Project("{FAE04EC0-301F-11D3-BF4B-00C04F79EFBC}") = "01_MainSubjects", "01_MainSubjects\01_MainSubjects.csproj", "{BBAEB092-51C6-488F-B927-BDDC76DCB3EB}"
EndProject
Project("{FAE04EC0-301F-11D3-BF4B-00C04F79EFBC}") = "02_Variables", "02_Variables\02_Variables.csproj", "{58D09314-3D9F-42BF-8968-895557DCA33F}"
EndProject
Project("{FAE04EC0-301F-11D3-BF4B-00C04F79EFBC}") = "03_MakingDecision", "03_MakingDecision\03_MakingDecision.csproj", "{C3FA0F42-F9CB-4953-B572-7F65715D1ADF}"
EndProject
Project("{FAE04EC0-301F-11D3-BF4B-00C04F79EFBC}") = "04_Loops", "04_Loops\04_Loops.csproj", "{962D45E4-73B9-4415-A126-44F9E36759CE}"
EndProject
Project("{FAE04EC0-301F-11D3-BF4B-00C04F79EFBC}") = "05_LoopsWithStars", "05_LoopsWithStars\05_LoopsWithStars.csproj", "{2DC4B286-0524-445D-96F5-78F4C434B862}"
EndProject
Global
	GlobalSection(SolutionConfigurationPlatforms) = preSolution
		Debug|Any CPU = Debug|Any CPU
		Release|Any CPU = Release|Any CPU
	EndGlobalSection
	GlobalSection(ProjectConfigurationPlatforms) = postSolution
		{BBAEB092-51C6-488F-B927-BDDC76DCB3EB}.Debug|Any CPU.ActiveCfg = Debug|Any CPU
		{BBAEB092-51C6-488F-B927-BDDC76DCB3EB}.Debug|Any CPU.Build.0 = Debug|Any CPU
		{BBAEB092-51C6-488F-B927-BDDC76DCB3EB}.Release|Any CPU.ActiveCfg = Release|Any CPU
		{BBAEB092-51C6-488F-B927-BDDC76DCB3EB}.Release|Any CPU.Build.0 = Release|Any CPU
		{58D09314-3D9F-42BF-8968-895557DCA33F}.Debug|Any CPU.ActiveCfg = Debug|Any CPU
		{58D09314-3D9F-42BF-8968-895557DCA33F}.Debug|Any CPU.Build.0 = Debug|Any CPU
		{58D09314-3D9F-42BF-8968-895557DCA33F}.Release|Any CPU.ActiveCfg = Release|Any CPU
		{58D09314-3D9F-42BF-8968-895557DCA33F}.Release|Any CPU.Build.0 = Release|Any CPU
		{C3FA0F42-F9CB-4953-B572-7F65715D1ADF}.Debug|Any CPU.ActiveCfg = Debug|Any CPU
		{C3FA0F42-F9CB-4953-B572-7F65715D1ADF}.Debug|Any CPU.Build.0 = Debug|Any CPU
		{C3FA0F42-F9CB-4953-B572-7F65715D1ADF}.Release|Any CPU.ActiveCfg = Release|Any CPU
		{C3FA0F42-F9CB-4953-B572-7F65715D1ADF}.Release|Any CPU.Build.0 = Release|Any CPU
		{962D45E4-73B9-4415-A126-44F9E36759CE}.Debug|Any CPU.ActiveCfg = Debug|Any CPU
		{962D45E4-73B9-4415-A126-44F9E36759CE}.Debug|Any CPU.Build.0 = Debug|Any CPU
		{962D45E4-73B9-4415-A126-44F9E36759CE}.Release|Any CPU.ActiveCfg = Release|Any CPU
		{962D45E4-73B9-4415-A126-44F9E36759CE}.Release|Any CPU.Build.0 = Release|Any CPU
		{2DC4B286-0524-445D-96F5-78F4C434B862}.Debug|Any CPU.ActiveCfg = Debug|Any CPU
		{2DC4B286-0524-445D-96F5-78F4C434B862}.Debug|Any CPU.Build.0 = Debug|Any CPU
		{2DC4B286-0524-445D-96F5-78F4C434B862}.Release|Any CPU.ActiveCfg = Release|Any CPU
		{2DC4B286-0524-445D-96F5-78F4C434B862}.Release|Any CPU.Build.0 = Release|Any CPU
	EndGlobalSection
	GlobalSection(SolutionProperties) = preSolution
		HideSolutionNode = FALSE
	EndGlobalSection
	GlobalSection(ExtensibilityGlobals) = postSolution
		SolutionGuid = {3FE7C0FA-A1D6-4540-83AE-68E0E5D55495}
	EndGlobalSection
EndGlobal
